# This file is autogenerated, do not edit; changes may be undone by the next 'dep ensure'.


[[projects]]
  branch = "master"
  name = "golang.org/x/tools"
  packages = ["cmd/eg","go/ast/astutil","go/buildutil","go/loader","refactor/eg"]
  revision = "e531a2a1c15f94033f6fa87666caeb19a688175f"

[solve-meta]
  analyzer-name = "dep"
  analyzer-version = 1
  inputs-digest = "72675d3cf50389e458729a63de34c315ba8dfeb615e95d0ffa55fdce22a933b5"
  solver-name = "gps-cdcl"
  solver-version = 1
